
Microsoft Visual Studio Solution File, Format Version 12.00
# Visual Studio Version 17
VisualStudioVersion = 17.8.34511.84
MinimumVisualStudioVersion = 10.0.40219.1
Project("{9A19103F-16F7-4668-BE54-9A1E7A4F7556}") = "Api.Exceptions", "Api.Exceptions\Api.Exceptions.csproj", "{9D3CD014-9989-49A7-91EE-7074B0C0D86A}"
EndProject
Project("{9A19103F-16F7-4668-BE54-9A1E7A4F7556}") = "Api.Result", "Api.Result\Api.Result.csproj", "{315EA5BB-459C-4F2C-9E42-42A136A65D23}"
EndProject
Project("{9A19103F-16F7-4668-BE54-9A1E7A4F7556}") = "Api.Filters", "Api.Filters\Api.Filters.csproj", "{A1F3B553-383A-4302-A58F-E8E11CB04998}"
EndProject
Project("{9A19103F-16F7-4668-BE54-9A1E7A4F7556}") = "Api.Auth", "Api.Auth\Api.Auth.csproj", "{BB89FFE3-A354-4087-8A2E-4A8D25A83447}"
EndProject
Project("{9A19103F-16F7-4668-BE54-9A1E7A4F7556}") = "Api.Swagger", "Api.Swagger\Api.Swagger.csproj", "{F750C673-CEE8-4A36-AAEE-AB88BC9E904E}"
EndProject
Project("{9A19103F-16F7-4668-BE54-9A1E7A4F7556}") = "Api.Controllers", "Api.Controllers\Api.Controllers.csproj", "{7D076287-B0BF-43AE-8A9E-8E26FA03BC87}"
EndProject
Project("{9A19103F-16F7-4668-BE54-9A1E7A4F7556}") = "Api.Logging", "Api.Logging\Api.Logging.csproj", "{15C5EBAD-3BB3-4BDE-81A5-6BBA16CF9B3C}"
EndProject
Project("{9A19103F-16F7-4668-BE54-9A1E7A4F7556}") = "Api.Template.Rest", "Api.Template.Rest\Api.Template.Rest.csproj", "{D1125AAA-4471-49A2-806E-AEAE62E8188B}"
EndProject
Project("{9A19103F-16F7-4668-BE54-9A1E7A4F7556}") = "Api.Template.Domain", "Api.Template.Domain\Api.Template.Domain.csproj", "{0734FE7B-951B-460D-BEF8-72870E5514B5}"
EndProject
Project("{9A19103F-16F7-4668-BE54-9A1E7A4F7556}") = "Api.Template.Infrastructure", "Api.Template.Infrastructure\Api.Template.Infrastructure.csproj", "{8623DCAE-8B23-432E-A7D9-B81192382DE0}"
EndProject
Project("{9A19103F-16F7-4668-BE54-9A1E7A4F7556}") = "Api.Template.Services", "Api.Template.Services\Api.Template.Services.csproj", "{DF281245-1C19-4589-AD91-099C7DB6F334}"
EndProject
Project("{9A19103F-16F7-4668-BE54-9A1E7A4F7556}") = "Api.Template.Models", "Api.Template.Models\Api.Template.Models.csproj", "{7BDBAF74-0BCD-4307-BACF-FDD569D24774}"
EndProject
Project("{9A19103F-16F7-4668-BE54-9A1E7A4F7556}") = "Api.Template.Tests", "Api.Template.Tests\Api.Template.Tests.csproj", "{5B45E5E7-6508-4CCD-942C-9B0975D10392}"
EndProject
Project("{2150E333-8FDC-42A3-9474-1A3956D46DE8}") = "Common", "Common", "{4B9EB992-68D5-415D-B576-2702980EFFFD}"
EndProject
Project("{9A19103F-16F7-4668-BE54-9A1E7A4F7556}") = "Api.Cors", "Api.Cors\Api.Cors.csproj", "{E747C2DD-0C31-44D0-9142-487B12345C50}"
EndProject
Project("{9A19103F-16F7-4668-BE54-9A1E7A4F7556}") = "Api.FluentValidation", "Api.FluentValidation\Api.FluentValidation.csproj", "{AE348B24-CC01-4209-8C40-BE0C494B3561}"
EndProject
Project("{FAE04EC0-301F-11D3-BF4B-00C04F79EFBC}") = "Api.Http.Logging", "Api.Http.Logging\Api.Http.Logging.csproj", "{9AD94A8C-EBC7-4C0A-A2E9-E7AE2B6B4DBF}"
EndProject
Global
	GlobalSection(SolutionConfigurationPlatforms) = preSolution
		Debug|Any CPU = Debug|Any CPU
		Release|Any CPU = Release|Any CPU
	EndGlobalSection
	GlobalSection(ProjectConfigurationPlatforms) = postSolution
		{9D3CD014-9989-49A7-91EE-7074B0C0D86A}.Debug|Any CPU.ActiveCfg = Debug|Any CPU
		{9D3CD014-9989-49A7-91EE-7074B0C0D86A}.Debug|Any CPU.Build.0 = Debug|Any CPU
		{9D3CD014-9989-49A7-91EE-7074B0C0D86A}.Release|Any CPU.ActiveCfg = Release|Any CPU
		{9D3CD014-9989-49A7-91EE-7074B0C0D86A}.Release|Any CPU.Build.0 = Release|Any CPU
		{315EA5BB-459C-4F2C-9E42-42A136A65D23}.Debug|Any CPU.ActiveCfg = Debug|Any CPU
		{315EA5BB-459C-4F2C-9E42-42A136A65D23}.Debug|Any CPU.Build.0 = Debug|Any CPU
		{315EA5BB-459C-4F2C-9E42-42A136A65D23}.Release|Any CPU.ActiveCfg = Release|Any CPU
		{315EA5BB-459C-4F2C-9E42-42A136A65D23}.Release|Any CPU.Build.0 = Release|Any CPU
		{A1F3B553-383A-4302-A58F-E8E11CB04998}.Debug|Any CPU.ActiveCfg = Debug|Any CPU
		{A1F3B553-383A-4302-A58F-E8E11CB04998}.Debug|Any CPU.Build.0 = Debug|Any CPU
		{A1F3B553-383A-4302-A58F-E8E11CB04998}.Release|Any CPU.ActiveCfg = Release|Any CPU
		{A1F3B553-383A-4302-A58F-E8E11CB04998}.Release|Any CPU.Build.0 = Release|Any CPU
		{BB89FFE3-A354-4087-8A2E-4A8D25A83447}.Debug|Any CPU.ActiveCfg = Debug|Any CPU
		{BB89FFE3-A354-4087-8A2E-4A8D25A83447}.Debug|Any CPU.Build.0 = Debug|Any CPU
		{BB89FFE3-A354-4087-8A2E-4A8D25A83447}.Release|Any CPU.ActiveCfg = Release|Any CPU
		{BB89FFE3-A354-4087-8A2E-4A8D25A83447}.Release|Any CPU.Build.0 = Release|Any CPU
		{F750C673-CEE8-4A36-AAEE-AB88BC9E904E}.Debug|Any CPU.ActiveCfg = Debug|Any CPU
		{F750C673-CEE8-4A36-AAEE-AB88BC9E904E}.Debug|Any CPU.Build.0 = Debug|Any CPU
		{F750C673-CEE8-4A36-AAEE-AB88BC9E904E}.Release|Any CPU.ActiveCfg = Release|Any CPU
		{F750C673-CEE8-4A36-AAEE-AB88BC9E904E}.Release|Any CPU.Build.0 = Release|Any CPU
		{7D076287-B0BF-43AE-8A9E-8E26FA03BC87}.Debug|Any CPU.ActiveCfg = Debug|Any CPU
		{7D076287-B0BF-43AE-8A9E-8E26FA03BC87}.Debug|Any CPU.Build.0 = Debug|Any CPU
		{7D076287-B0BF-43AE-8A9E-8E26FA03BC87}.Release|Any CPU.ActiveCfg = Release|Any CPU
		{7D076287-B0BF-43AE-8A9E-8E26FA03BC87}.Release|Any CPU.Build.0 = Release|Any CPU
		{15C5EBAD-3BB3-4BDE-81A5-6BBA16CF9B3C}.Debug|Any CPU.ActiveCfg = Debug|Any CPU
		{15C5EBAD-3BB3-4BDE-81A5-6BBA16CF9B3C}.Debug|Any CPU.Build.0 = Debug|Any CPU
		{15C5EBAD-3BB3-4BDE-81A5-6BBA16CF9B3C}.Release|Any CPU.ActiveCfg = Release|Any CPU
		{15C5EBAD-3BB3-4BDE-81A5-6BBA16CF9B3C}.Release|Any CPU.Build.0 = Release|Any CPU
		{D1125AAA-4471-49A2-806E-AEAE62E8188B}.Debug|Any CPU.ActiveCfg = Debug|Any CPU
		{D1125AAA-4471-49A2-806E-AEAE62E8188B}.Debug|Any CPU.Build.0 = Debug|Any CPU
		{D1125AAA-4471-49A2-806E-AEAE62E8188B}.Release|Any CPU.ActiveCfg = Release|Any CPU
		{D1125AAA-4471-49A2-806E-AEAE62E8188B}.Release|Any CPU.Build.0 = Release|Any CPU
		{0734FE7B-951B-460D-BEF8-72870E5514B5}.Debug|Any CPU.ActiveCfg = Debug|Any CPU
		{0734FE7B-951B-460D-BEF8-72870E5514B5}.Debug|Any CPU.Build.0 = Debug|Any CPU
		{0734FE7B-951B-460D-BEF8-72870E5514B5}.Release|Any CPU.ActiveCfg = Release|Any CPU
		{0734FE7B-951B-460D-BEF8-72870E5514B5}.Release|Any CPU.Build.0 = Release|Any CPU
		{8623DCAE-8B23-432E-A7D9-B81192382DE0}.Debug|Any CPU.ActiveCfg = Debug|Any CPU
		{8623DCAE-8B23-432E-A7D9-B81192382DE0}.Debug|Any CPU.Build.0 = Debug|Any CPU
		{8623DCAE-8B23-432E-A7D9-B81192382DE0}.Release|Any CPU.ActiveCfg = Release|Any CPU
		{8623DCAE-8B23-432E-A7D9-B81192382DE0}.Release|Any CPU.Build.0 = Release|Any CPU
		{DF281245-1C19-4589-AD91-099C7DB6F334}.Debug|Any CPU.ActiveCfg = Debug|Any CPU
		{DF281245-1C19-4589-AD91-099C7DB6F334}.Debug|Any CPU.Build.0 = Debug|Any CPU
		{DF281245-1C19-4589-AD91-099C7DB6F334}.Release|Any CPU.ActiveCfg = Release|Any CPU
		{DF281245-1C19-4589-AD91-099C7DB6F334}.Release|Any CPU.Build.0 = Release|Any CPU
		{7BDBAF74-0BCD-4307-BACF-FDD569D24774}.Debug|Any CPU.ActiveCfg = Debug|Any CPU
		{7BDBAF74-0BCD-4307-BACF-FDD569D24774}.Debug|Any CPU.Build.0 = Debug|Any CPU
		{7BDBAF74-0BCD-4307-BACF-FDD569D24774}.Release|Any CPU.ActiveCfg = Release|Any CPU
		{7BDBAF74-0BCD-4307-BACF-FDD569D24774}.Release|Any CPU.Build.0 = Release|Any CPU
		{5B45E5E7-6508-4CCD-942C-9B0975D10392}.Debug|Any CPU.ActiveCfg = Debug|Any CPU
		{5B45E5E7-6508-4CCD-942C-9B0975D10392}.Debug|Any CPU.Build.0 = Debug|Any CPU
		{5B45E5E7-6508-4CCD-942C-9B0975D10392}.Release|Any CPU.ActiveCfg = Release|Any CPU
		{5B45E5E7-6508-4CCD-942C-9B0975D10392}.Release|Any CPU.Build.0 = Release|Any CPU
		{E747C2DD-0C31-44D0-9142-487B12345C50}.Debug|Any CPU.ActiveCfg = Debug|Any CPU
		{E747C2DD-0C31-44D0-9142-487B12345C50}.Debug|Any CPU.Build.0 = Debug|Any CPU
		{E747C2DD-0C31-44D0-9142-487B12345C50}.Release|Any CPU.ActiveCfg = Release|Any CPU
		{E747C2DD-0C31-44D0-9142-487B12345C50}.Release|Any CPU.Build.0 = Release|Any CPU
		{AE348B24-CC01-4209-8C40-BE0C494B3561}.Debug|Any CPU.ActiveCfg = Debug|Any CPU
		{AE348B24-CC01-4209-8C40-BE0C494B3561}.Debug|Any CPU.Build.0 = Debug|Any CPU
		{AE348B24-CC01-4209-8C40-BE0C494B3561}.Release|Any CPU.ActiveCfg = Release|Any CPU
		{AE348B24-CC01-4209-8C40-BE0C494B3561}.Release|Any CPU.Build.0 = Release|Any CPU
		{9AD94A8C-EBC7-4C0A-A2E9-E7AE2B6B4DBF}.Debug|Any CPU.ActiveCfg = Debug|Any CPU
		{9AD94A8C-EBC7-4C0A-A2E9-E7AE2B6B4DBF}.Debug|Any CPU.Build.0 = Debug|Any CPU
		{9AD94A8C-EBC7-4C0A-A2E9-E7AE2B6B4DBF}.Release|Any CPU.ActiveCfg = Release|Any CPU
		{9AD94A8C-EBC7-4C0A-A2E9-E7AE2B6B4DBF}.Release|Any CPU.Build.0 = Release|Any CPU
	EndGlobalSection
	GlobalSection(SolutionProperties) = preSolution
		HideSolutionNode = FALSE
	EndGlobalSection
	GlobalSection(NestedProjects) = preSolution
		{9D3CD014-9989-49A7-91EE-7074B0C0D86A} = {4B9EB992-68D5-415D-B576-2702980EFFFD}
		{315EA5BB-459C-4F2C-9E42-42A136A65D23} = {4B9EB992-68D5-415D-B576-2702980EFFFD}
		{A1F3B553-383A-4302-A58F-E8E11CB04998} = {4B9EB992-68D5-415D-B576-2702980EFFFD}
		{BB89FFE3-A354-4087-8A2E-4A8D25A83447} = {4B9EB992-68D5-415D-B576-2702980EFFFD}
		{F750C673-CEE8-4A36-AAEE-AB88BC9E904E} = {4B9EB992-68D5-415D-B576-2702980EFFFD}
		{7D076287-B0BF-43AE-8A9E-8E26FA03BC87} = {4B9EB992-68D5-415D-B576-2702980EFFFD}
		{15C5EBAD-3BB3-4BDE-81A5-6BBA16CF9B3C} = {4B9EB992-68D5-415D-B576-2702980EFFFD}
		{E747C2DD-0C31-44D0-9142-487B12345C50} = {4B9EB992-68D5-415D-B576-2702980EFFFD}
		{AE348B24-CC01-4209-8C40-BE0C494B3561} = {4B9EB992-68D5-415D-B576-2702980EFFFD}
		{9AD94A8C-EBC7-4C0A-A2E9-E7AE2B6B4DBF} = {4B9EB992-68D5-415D-B576-2702980EFFFD}
	EndGlobalSection
	GlobalSection(ExtensibilityGlobals) = postSolution
		SolutionGuid = {3CDEE7CA-3633-4792-88E7-042DACB47951}
	EndGlobalSection
EndGlobal
